// !$*UTF8*$!
{
	archiveVersion = 1;
	classes = {
	};
	objectVersion = 77;
	objects = {

/* Begin PBXBuildFile section */
		2510F93B2F5211FC0046A41D /* CLAUDE.md in Resources */ = {isa = PBXBuildFile; fileRef = 2510F9392F5211FC0046A41D /* CLAUDE.md */; };
		2510F93C2F5211FC0046A41D /* backlog.md in Resources */ = {isa = PBXBuildFile; fileRef = 2510F9382F5211FC0046A41D /* backlog.md */; };
		2510F93D2F5211FC0046A41D /* README.md in Resources */ = {isa = PBXBuildFile; fileRef = 2510F93A2F5211FC0046A41D /* README.md */; };
		2579117F2F5013850036AAB6 /* ConjureDSPExtension.appex in Embed Foundation Extensions */ = {isa = PBXBuildFile; fileRef = 2579117E2F5013850036AAB6 /* ConjureDSPExtension.appex */; settings = {ATTRIBUTES = (RemoveHeadersOnCopy, ); }; };
		25BC19422F563DB20009EA0D /* Assets.xcassets in Resources */ = {isa = PBXBuildFile; fileRef = 25BC19412F563DB20009EA0D /* Assets.xcassets */; };
		25BC19432F563DB20009EA0D /* Assets.xcassets in Resources */ = {isa = PBXBuildFile; fileRef = 25BC19412F563DB20009EA0D /* Assets.xcassets */; };
		25BC19442F563DB20009EA0D /* Assets.xcassets in Resources */ = {isa = PBXBuildFile; fileRef = 25BC19412F563DB20009EA0D /* Assets.xcassets */; };
		25BC19452F563DB20009EA0D /* Assets.xcassets in Resources */ = {isa = PBXBuildFile; fileRef = 25BC19412F563DB20009EA0D /* Assets.xcassets */; };
		25FE99E52F75CECC0004DC3A /* Sparkle in Frameworks */ = {isa = PBXBuildFile; productRef = AA11000200000001SPARKLE /* Sparkle */; };
		AA11000100000001MIXPANEL /* Mixpanel in Frameworks */ = {isa = PBXBuildFile; productRef = AA11000200000001MIXPANEL /* Mixpanel */; };
		AA11000300000001MIXPANEL /* Mixpanel in Frameworks */ = {isa = PBXBuildFile; productRef = AA11000400000001MIXPANEL /* Mixpanel */; };
		AA11000600000001MIXPANEL /* Analytics.swift in Sources */ = {isa = PBXBuildFile; fileRef = AA11000700000001MIXPANEL /* Analytics.swift */; };
		AA22000200000001SHARED /* MCPToolProvider.swift in Sources */ = {isa = PBXBuildFile; fileRef = AA22000100000001SHARED /* MCPToolProvider.swift */; };
		AA22000300000001SHARED /* MCPToolProvider.swift in Sources */ = {isa = PBXBuildFile; fileRef = AA22000100000001SHARED /* MCPToolProvider.swift */; };
		AA5E00012F5013850036AAB6 /* Sentry in Frameworks */ = {isa = PBXBuildFile; productRef = AA5E00022F5013850036AAB6 /* Sentry */; };
		AA5E00032F5013850036AAB6 /* Sentry in Frameworks */ = {isa = PBXBuildFile; productRef = AA5E00042F5013850036AAB6 /* Sentry */; };
/* End PBXBuildFile section */

/* Begin PBXContainerItemProxy section */
		257911692F5013850036AAB6 /* PBXContainerItemProxy */ = {
			isa = PBXContainerItemProxy;
			containerPortal = 257911382F5013840036AAB6 /* Project object */;
			proxyType = 1;
			remoteGlobalIDString = 2579113F2F5013840036AAB6;
			remoteInfo = ConjureDSP;
		};
		257911732F5013850036AAB6 /* PBXContainerItemProxy */ = {
			isa = PBXContainerItemProxy;
			containerPortal = 257911382F5013840036AAB6 /* Project object */;
			proxyType = 1;
			remoteGlobalIDString = 2579113F2F5013840036AAB6;
			remoteInfo = ConjureDSP;
		};
		257911802F5013850036AAB6 /* PBXContainerItemProxy */ = {
			isa = PBXContainerItemProxy;
			containerPortal = 257911382F5013840036AAB6 /* Project object */;
			proxyType = 1;
			remoteGlobalIDString = 2579117D2F5013850036AAB6;
			remoteInfo = ConjureDSPExtension;
		};
/* End PBXContainerItemProxy section */

/* Begin PBXCopyFilesBuildPhase section */
		257911B02F5013850036AAB6 /* Embed Foundation Extensions */ = {
			isa = PBXCopyFilesBuildPhase;
			buildActionMask = 2147483647;
			dstPath = "";
			dstSubfolderSpec = 13;
			files = (
				2579117F2F5013850036AAB6 /* ConjureDSPExtension.appex in Embed Foundation Extensions */,
			);
			name = "Embed Foundation Extensions";
			runOnlyForDeploymentPostprocessing = 0;
		};
/* End PBXCopyFilesBuildPhase section */

/* Begin PBXFileReference section */
		2510F9382F5211FC0046A41D /* backlog.md */ = {isa = PBXFileReference; lastKnownFileType = net.daringfireball.markdown; path = backlog.md; sourceTree = "<group>"; };
		2510F9392F5211FC0046A41D /* CLAUDE.md */ = {isa = PBXFileReference; lastKnownFileType = net.daringfireball.markdown; path = CLAUDE.md; sourceTree = "<group>"; };
		2510F93A2F5211FC0046A41D /* README.md */ = {isa = PBXFileReference; lastKnownFileType = net.daringfireball.markdown; path = README.md; sourceTree = "<group>"; };
		257911402F5013840036AAB6 /* ConjureDSP.app */ = {isa = PBXFileReference; explicitFileType = wrapper.application; includeInIndex = 0; path = ConjureDSP.app; sourceTree = BUILT_PRODUCTS_DIR; };
		257911682F5013850036AAB6 /* ConjureDSPTests.xctest */ = {isa = PBXFileReference; explicitFileType = wrapper.cfbundle; includeInIndex = 0; path = ConjureDSPTests.xctest; sourceTree = BUILT_PRODUCTS_DIR; };
		257911722F5013850036AAB6 /* ConjureDSPUITests.xctest */ = {isa = PBXFileReference; explicitFileType = wrapper.cfbundle; includeInIndex = 0; path = ConjureDSPUITests.xctest; sourceTree = BUILT_PRODUCTS_DIR; };
		2579117E2F5013850036AAB6 /* ConjureDSPExtension.appex */ = {isa = PBXFileReference; explicitFileType = "wrapper.app-extension"; includeInIndex = 0; path = ConjureDSPExtension.appex; sourceTree = BUILT_PRODUCTS_DIR; };
		25BC19412F563DB20009EA0D /* Assets.xcassets */ = {isa = PBXFileReference; lastKnownFileType = folder.assetcatalog; name = Assets.xcassets; path = ConjureDSP/Assets.xcassets; sourceTree = "<group>"; };
		AA11000700000001MIXPANEL /* Analytics.swift */ = {isa = PBXFileReference; lastKnownFileType = sourcecode.swift; name = Analytics.swift; path = ConjureDSPExtension/Analytics.swift; sourceTree = "<group>"; };
		AA22000100000001SHARED /* MCPToolProvider.swift */ = {isa = PBXFileReference; lastKnownFileType = sourcecode.swift; path = MCPToolProvider.swift; sourceTree = "<group>"; };
		AABB00022F5013850036AAB6 /* rust */ = {isa = PBXFileReference; lastKnownFileType = folder; path = rust; sourceTree = "<group>"; };
/* End PBXFileReference section */

/* Begin PBXFileSystemSynchronizedBuildFileExceptionSet section */
		257911A92F5013850036AAB6 /* Exceptions for "ConjureDSPExtension" folder in "ConjureDSPExtension" target */ = {
			isa = PBXFileSystemSynchronizedBuildFileExceptionSet;
			membershipExceptions = (
				Info.plist,
				"Resources/monaco/editor-bridge.js",
				Resources/monaco/index.html,
				Resources/terminal/index.html,
				"Resources/terminal/terminal-bridge.js",
			);
			target = 2579117D2F5013850036AAB6 /* ConjureDSPExtension */;
		};
/* End PBXFileSystemSynchronizedBuildFileExceptionSet section */

/* Begin PBXFileSystemSynchronizedRootGroup section */
		257911422F5013840036AAB6 /* ConjureDSP */ = {
			isa = PBXFileSystemSynchronizedRootGroup;
			path = ConjureDSP;
			sourceTree = "<group>";
		};
		2579116B2F5013850036AAB6 /* ConjureDSPTests */ = {
			isa = PBXFileSystemSynchronizedRootGroup;
			path = ConjureDSPTests;
			sourceTree = "<group>";
		};
		257911752F5013850036AAB6 /* ConjureDSPUITests */ = {
			isa = PBXFileSystemSynchronizedRootGroup;
			path = ConjureDSPUITests;
			sourceTree = "<group>";
		};
		257911822F5013850036AAB6 /* ConjureDSPExtension */ = {
			isa = PBXFileSystemSynchronizedRootGroup;
			exceptions = (
				257911A92F5013850036AAB6 /* Exceptions for "ConjureDSPExtension" folder in "ConjureDSPExtension" target */,
			);
			path = ConjureDSPExtension;
			sourceTree = "<group>";
		};
/* End PBXFileSystemSynchronizedRootGroup section */

/* Begin PBXFrameworksBuildPhase section */
		2579113D2F5013840036AAB6 /* Frameworks */ = {
			isa = PBXFrameworksBuildPhase;
			buildActionMask = 2147483647;
			files = (
				25FE99E52F75CECC0004DC3A /* Sparkle in Frameworks */,
				AA5E00012F5013850036AAB6 /* Sentry in Frameworks */,
				AA11000100000001MIXPANEL /* Mixpanel in Frameworks */,
			);
			runOnlyForDeploymentPostprocessing = 0;
		};
		257911652F5013850036AAB6 /* Frameworks */ = {
			isa = PBXFrameworksBuildPhase;
			buildActionMask = 2147483647;
			files = (
			);
			runOnlyForDeploymentPostprocessing = 0;
		};
		2579116F2F5013850036AAB6 /* Frameworks */ = {
			isa = PBXFrameworksBuildPhase;
			buildActionMask = 2147483647;
			files = (
			);
			runOnlyForDeploymentPostprocessing = 0;
		};
		2579117B2F5013850036AAB6 /* Frameworks */ = {
			isa = PBXFrameworksBuildPhase;
			buildActionMask = 2147483647;
			files = (
				AA5E00032F5013850036AAB6 /* Sentry in Frameworks */,
				AA11000300000001MIXPANEL /* Mixpanel in Frameworks */,
			);
			runOnlyForDeploymentPostprocessing = 0;
		};
/* End PBXFrameworksBuildPhase section */

/* Begin PBXGroup section */
		257911372F5013840036AAB6 = {
			isa = PBXGroup;
			children = (
				2510F9382F5211FC0046A41D /* backlog.md */,
				2510F9392F5211FC0046A41D /* CLAUDE.md */,
				2510F93A2F5211FC0046A41D /* README.md */,
				257911422F5013840036AAB6 /* ConjureDSP */,
				2579116B2F5013850036AAB6 /* ConjureDSPTests */,
				257911752F5013850036AAB6 /* ConjureDSPUITests */,
				257911822F5013850036AAB6 /* ConjureDSPExtension */,
				AABB00022F5013850036AAB6 /* rust */,
				AA22000400000001SHARED /* Shared */,
				257911412F5013840036AAB6 /* Products */,
				25BC19412F563DB20009EA0D /* Assets.xcassets */,
				25F5C9B42F737A0E0022143A /* Recovered References */,
			);
			sourceTree = "<group>";
		};
		257911412F5013840036AAB6 /* Products */ = {
			isa = PBXGroup;
			children = (
				257911402F5013840036AAB6 /* ConjureDSP.app */,
				257911682F5013850036AAB6 /* ConjureDSPTests.xctest */,
				257911722F5013850036AAB6 /* ConjureDSPUITests.xctest */,
				2579117E2F5013850036AAB6 /* ConjureDSPExtension.appex */,
			);
			name = Products;
			sourceTree = "<group>";
		};
		25F5C9B42F737A0E0022143A /* Recovered References */ = {
			isa = PBXGroup;
			children = (
				AA11000700000001MIXPANEL /* Analytics.swift */,
			);
			name = "Recovered References";
			sourceTree = "<group>";
		};
		AA22000400000001SHARED /* Shared */ = {
			isa = PBXGroup;
			children = (
				AA22000100000001SHARED /* MCPToolProvider.swift */,
			);
			path = Shared;
			sourceTree = "<group>";
		};
/* End PBXGroup section */

/* Begin PBXNativeTarget section */
		2579113F2F5013840036AAB6 /* ConjureDSP */ = {
			isa = PBXNativeTarget;
			buildConfigurationList = 257911B12F5013850036AAB6 /* Build configuration list for PBXNativeTarget "ConjureDSP" */;
			buildPhases = (
				AABB00112F5013850036AAB6 /* Pre-Build Clean */,
				2579113C2F5013840036AAB6 /* Sources */,
				2579113D2F5013840036AAB6 /* Frameworks */,
				2579113E2F5013840036AAB6 /* Resources */,
				257911B02F5013850036AAB6 /* Embed Foundation Extensions */,
				AABB000F2F5013850036AAB6 /* Bust AU Cache */,
				AABB00132F5013850036AAB6 /* Upload dSYMs to Sentry */,
			);
			buildRules = (
			);
			dependencies = (
				257911812F5013850036AAB6 /* PBXTargetDependency */,
			);
			fileSystemSynchronizedGroups = (
				257911422F5013840036AAB6 /* ConjureDSP */,
			);
			name = ConjureDSP;
			packageProductDependencies = (
				AA5E00022F5013850036AAB6 /* Sentry */,
				AA11000200000001MIXPANEL /* Mixpanel */,
				AA11000200000001SPARKLE /* Sparkle */,
			);
			productName = ConjureDSP;
			productReference = 257911402F5013840036AAB6 /* ConjureDSP.app */;
			productType = "com.apple.product-type.application";
		};
		257911672F5013850036AAB6 /* ConjureDSPTests */ = {
			isa = PBXNativeTarget;
			buildConfigurationList = 257911B42F5013850036AAB6 /* Build configuration list for PBXNativeTarget "ConjureDSPTests" */;
			buildPhases = (
				257911642F5013850036AAB6 /* Sources */,
				257911652F5013850036AAB6 /* Frameworks */,
				257911662F5013850036AAB6 /* Resources */,
			);
			buildRules = (
			);
			dependencies = (
				2579116A2F5013850036AAB6 /* PBXTargetDependency */,
			);
			fileSystemSynchronizedGroups = (
				2579116B2F5013850036AAB6 /* ConjureDSPTests */,
			);
			name = ConjureDSPTests;
			packageProductDependencies = (
			);
			productName = ConjureDSPTests;
			productReference = 257911682F5013850036AAB6 /* ConjureDSPTests.xctest */;
			productType = "com.apple.product-type.bundle.unit-test";
		};
		257911712F5013850036AAB6 /* ConjureDSPUITests */ = {
			isa = PBXNativeTarget;
			buildConfigurationList = 257911B72F5013850036AAB6 /* Build configuration list for PBXNativeTarget "ConjureDSPUITests" */;
			buildPhases = (
				2579116E2F5013850036AAB6 /* Sources */,
				2579116F2F5013850036AAB6 /* Frameworks */,
				257911702F5013850036AAB6 /* Resources */,
			);
			buildRules = (
			);
			dependencies = (
				257911742F5013850036AAB6 /* PBXTargetDependency */,
			);
			fileSystemSynchronizedGroups = (
				257911752F5013850036AAB6 /* ConjureDSPUITests */,
			);
			name = ConjureDSPUITests;
			packageProductDependencies = (
			);
			productName = ConjureDSPUITests;
			productReference = 257911722F5013850036AAB6 /* ConjureDSPUITests.xctest */;
			productType = "com.apple.product-type.bundle.ui-testing";
		};
		2579117D2F5013850036AAB6 /* ConjureDSPExtension */ = {
			isa = PBXNativeTarget;
			buildConfigurationList = 257911AA2F5013850036AAB6 /* Build configuration list for PBXNativeTarget "ConjureDSPExtension" */;
			buildPhases = (
				AABB00012F5013850036AAB6 /* Build Rust DSP Library */,
				2579117A2F5013850036AAB6 /* Sources */,
				2579117B2F5013850036AAB6 /* Frameworks */,
				2579117C2F5013850036AAB6 /* Resources */,
				AABB00032F5013850036AAB6 /* Copy Python Runtime */,
				AABB00092F5013850036AAB6 /* Copy Rust Compiler */,
				AABB0010000000MONACO0001 /* Copy Monaco Editor */,
				AABB0020000000XTERM0001 /* Copy Terminal (xterm.js) */,
				AABB00072F5013850036AAB6 /* Stamp Build ID */,
				AABB000B2F5013850036AAB6 /* Copy Export Template */,
				AABB000D2F5013850036AAB6 /* Generate Test Serial */,
			);
			buildRules = (
			);
			dependencies = (
			);
			fileSystemSynchronizedGroups = (
				257911822F5013850036AAB6 /* ConjureDSPExtension */,
			);
			name = ConjureDSPExtension;
			packageProductDependencies = (
				AA5E00042F5013850036AAB6 /* Sentry */,
				AA11000400000001MIXPANEL /* Mixpanel */,
			);
			productName = ConjureDSPExtension;
			productReference = 2579117E2F5013850036AAB6 /* ConjureDSPExtension.appex */;
			productType = "com.apple.product-type.app-extension";
		};
/* End PBXNativeTarget section */

/* Begin PBXProject section */
		257911382F5013840036AAB6 /* Project object */ = {
			isa = PBXProject;
			attributes = {
				BuildIndependentTargetsInParallel = 1;
				LastSwiftUpdateCheck = 2620;
				LastUpgradeCheck = 2620;
				TargetAttributes = {
					2579113F2F5013840036AAB6 = {
						CreatedOnToolsVersion = 26.2;
					};
					257911672F5013850036AAB6 = {
						CreatedOnToolsVersion = 26.2;
						TestTargetID = 2579113F2F5013840036AAB6;
					};
					257911712F5013850036AAB6 = {
						CreatedOnToolsVersion = 26.2;
						TestTargetID = 2579113F2F5013840036AAB6;
					};
					2579117D2F5013850036AAB6 = {
						CreatedOnToolsVersion = 26.2;
					};
				};
			};
			buildConfigurationList = 2579113B2F5013840036AAB6 /* Build configuration list for PBXProject "ConjureDSP" */;
			developmentRegion = en;
			hasScannedForEncodings = 0;
			knownRegions = (
				en,
				Base,
			);
			mainGroup = 257911372F5013840036AAB6;
			minimizedProjectReferenceProxies = 1;
			packageReferences = (
				AA5E00052F5013850036AAB6 /* XCRemoteSwiftPackageReference "sentry-cocoa" */,
				AA11000500000001MIXPANEL /* XCRemoteSwiftPackageReference "mixpanel-swift" */,
				AA11000500000001SPARKLE /* XCRemoteSwiftPackageReference "Sparkle" */,
			);
			preferredProjectObjectVersion = 77;
			productRefGroup = 257911412F5013840036AAB6 /* Products */;
			projectDirPath = "";
			projectRoot = "";
			targets = (
				2579113F2F5013840036AAB6 /* ConjureDSP */,
				257911672F5013850036AAB6 /* ConjureDSPTests */,
				257911712F5013850036AAB6 /* ConjureDSPUITests */,
				2579117D2F5013850036AAB6 /* ConjureDSPExtension */,
			);
		};
/* End PBXProject section */

/* Begin PBXResourcesBuildPhase section */
		2579113E2F5013840036AAB6 /* Resources */ = {
			isa = PBXResourcesBuildPhase;
			buildActionMask = 2147483647;
			files = (
				2510F93B2F5211FC0046A41D /* CLAUDE.md in Resources */,
				2510F93C2F5211FC0046A41D /* backlog.md in Resources */,
				2510F93D2F5211FC0046A41D /* README.md in Resources */,
				25BC19452F563DB20009EA0D /* Assets.xcassets in Resources */,
			);
			runOnlyForDeploymentPostprocessing = 0;
		};
		257911662F5013850036AAB6 /* Resources */ = {
			isa = PBXResourcesBuildPhase;
			buildActionMask = 2147483647;
			files = (
				25BC19422F563DB20009EA0D /* Assets.xcassets in Resources */,
			);
			runOnlyForDeploymentPostprocessing = 0;
		};
		257911702F5013850036AAB6 /* Resources */ = {
			isa = PBXResourcesBuildPhase;
			buildActionMask = 2147483647;
			files = (
				25BC19442F563DB20009EA0D /* Assets.xcassets in Resources */,
			);
			runOnlyForDeploymentPostprocessing = 0;
		};
		2579117C2F5013850036AAB6 /* Resources */ = {
			isa = PBXResourcesBuildPhase;
			buildActionMask = 2147483647;
			files = (
				25BC19432F563DB20009EA0D /* Assets.xcassets in Resources */,
			);
			runOnlyForDeploymentPostprocessing = 0;
		};
/* End PBXResourcesBuildPhase section */

/* Begin PBXShellScriptBuildPhase section */
		AABB00012F5013850036AAB6 /* Build Rust DSP Library */ = {
			isa = PBXShellScriptBuildPhase;
			buildActionMask = 2147483647;
			files = (
			);
			inputFileListPaths = (
			);
			inputPaths = (
				"$(SRCROOT)/rust/conjure_dsp/src/lib.rs",
				"$(SRCROOT)/rust/conjure_dsp/src/kernel.rs",
				"$(SRCROOT)/rust/conjure_dsp/src/params.rs",
				"$(SRCROOT)/rust/conjure_dsp/Cargo.toml",
			);
			name = "Build Rust DSP Library";
			outputFileListPaths = (
			);
			outputPaths = (
				"$(BUILT_PRODUCTS_DIR)/libconjure_dsp.a",
				"$(SRCROOT)/rust/include/conjure_dsp.h",
			);
			runOnlyForDeploymentPostprocessing = 0;
			shellPath = /bin/bash;
			shellScript = "\"${SRCROOT}/rust/build-rust.sh\"\n";
		};
		AABB00032F5013850036AAB6 /* Copy Python Runtime */ = {
			isa = PBXShellScriptBuildPhase;
			buildActionMask = 2147483647;
			files = (
			);
			inputFileListPaths = (
			);
			inputPaths = (
				"$(SRCROOT)/rust/python-dist/lib/libpython3.14t.dylib",
			);
			name = "Copy Python Runtime";
			outputFileListPaths = (
			);
			outputPaths = (
				"$(BUILT_PRODUCTS_DIR)/$(FRAMEWORKS_FOLDER_PATH)/libpython3.14t.dylib",
			);
			runOnlyForDeploymentPostprocessing = 0;
			shellPath = /bin/bash;
			shellScript = "# Skip if Python runtime hasn't changed since last copy\nPYDST=\"${BUILT_PRODUCTS_DIR}/${UNLOCALIZED_RESOURCES_FOLDER_PATH}/python-dist\"\nSTAMP=\"${PYDST}/.copy-stamp\"\nSRC_DYLIB=\"${SRCROOT}/rust/python-dist/lib/libpython3.14t.dylib\"\nDST_DYLIB=\"${BUILT_PRODUCTS_DIR}/${FRAMEWORKS_FOLDER_PATH}/libpython3.14t.dylib\"\n\nif [ -f \"$STAMP\" ] && [ -f \"$DST_DYLIB\" ] && [ \"$SRC_DYLIB\" -ot \"$STAMP\" ]; then\n    echo \"note: Python runtime unchanged, skipping copy\" >&2\n    exit 0\nfi\n\n# Copy Python dylib into Frameworks\nmkdir -p \"${BUILT_PRODUCTS_DIR}/${FRAMEWORKS_FOLDER_PATH}\"\ncp \"${SRC_DYLIB}\" \"${BUILT_PRODUCTS_DIR}/${FRAMEWORKS_FOLDER_PATH}/\"\n\n# Code-sign the dylib with the same identity as the build\ncodesign --force --sign \"${EXPANDED_CODE_SIGN_IDENTITY}\" --options runtime --timestamp \"${DST_DYLIB}\"\n\n# Copy Python stdlib + site-packages into Resources/python-dist\nmkdir -p \"${PYDST}/lib\"\ncp -R \"${SRCROOT}/rust/python-dist/lib/python3.14t\" \"${PYDST}/lib/\"\n\n# Code-sign all .so files (numpy, stdlib extensions) for hardened runtime\nfind \"${PYDST}\" -name '*.so' -exec codesign --force --sign \"${EXPANDED_CODE_SIGN_IDENTITY}\" --options runtime --timestamp {} \\;\n\ntouch \"$STAMP\"\n";
		};
		AABB00072F5013850036AAB6 /* Stamp Build ID */ = {
			isa = PBXShellScriptBuildPhase;
			buildActionMask = 2147483647;
			files = (
			);
			inputFileListPaths = (
			);
			inputPaths = (
				"$(SRCROOT)/scripts/stamp-build-id.sh",
			);
			name = "Stamp Build ID";
			outputFileListPaths = (
			);
			outputPaths = (
			);
			runOnlyForDeploymentPostprocessing = 0;
			shellPath = /bin/bash;
			shellScript = "\"${SRCROOT}/scripts/stamp-build-id.sh\"\n";
		};
		AABB00092F5013850036AAB6 /* Copy Rust Compiler */ = {
			isa = PBXShellScriptBuildPhase;
			buildActionMask = 2147483647;
			files = (
			);
			inputFileListPaths = (
			);
			inputPaths = (
				"$(SRCROOT)/rustc-dist/bin/rustc",
			);
			name = "Copy Rust Compiler";
			outputFileListPaths = (
			);
			outputPaths = (
				"$(BUILT_PRODUCTS_DIR)/$(UNLOCALIZED_RESOURCES_FOLDER_PATH)/rustc-dist/bin/rustc",
			);
			runOnlyForDeploymentPostprocessing = 0;
			shellPath = /bin/bash;
			shellScript = "# Copy bundled Rust compiler into the extension bundle for sandbox-safe compilation\nRUSTC_SRC=\"${SRCROOT}/rustc-dist\"\n\nif [ ! -d \"${RUSTC_SRC}\" ]; then\n    # Check if we're in a worktree and can symlink from main\n    MAIN_WORKTREE=$(git -C \"${SRCROOT}\" worktree list --porcelain 2>/dev/null | head -1 | sed 's/worktree //')\n    if [ -n \"${MAIN_WORKTREE}\" ] && [ \"${MAIN_WORKTREE}\" != \"${SRCROOT}\" ] && [ -d \"${MAIN_WORKTREE}/rustc-dist\" ]; then\n        echo \"note: Symlinking rustc-dist from main worktree\" >&2\n        ln -s \"${MAIN_WORKTREE}/rustc-dist\" \"${RUSTC_SRC}\"\n    else\n        echo \"warning: Bundled Rust compiler not found at ${RUSTC_SRC}. Run scripts/setup-rustc.sh first.\" >&2\n        echo \"warning: Rust compilation will only work with user-installed rustc (not in sandboxed DAWs).\" >&2\n        exit 0\n    fi\nfi\n\nRUSTC_DST=\"${BUILT_PRODUCTS_DIR}/${UNLOCALIZED_RESOURCES_FOLDER_PATH}/rustc-dist\"\nSTAMP=\"${RUSTC_DST}/.copy-stamp\"\n\n# Skip if Rust compiler hasn't changed since last copy\nif [ -f \"$STAMP\" ] && [ \"${RUSTC_SRC}/bin/rustc\" -ot \"$STAMP\" ]; then\n    echo \"note: Rust compiler unchanged, skipping copy\" >&2\n    exit 0\nfi\n\n# Copy the sysroot\nmkdir -p \"${RUSTC_DST}\"\nrsync -a --delete \"${RUSTC_SRC}/\" \"${RUSTC_DST}/\"\n\n# Code-sign all executables and dylibs\ncodesign --force --sign \"${EXPANDED_CODE_SIGN_IDENTITY}\" --options runtime --timestamp \"${RUSTC_DST}/bin/rustc\"\nfind \"${RUSTC_DST}/lib\" -name '*.dylib' -exec codesign --force --sign \"${EXPANDED_CODE_SIGN_IDENTITY}\" --options runtime --timestamp {} \\;\ncodesign --force --sign \"${EXPANDED_CODE_SIGN_IDENTITY}\" --options runtime --timestamp \"${RUSTC_DST}/lib/rustlib/aarch64-apple-darwin/bin/rust-lld\"\ncodesign --force --sign \"${EXPANDED_CODE_SIGN_IDENTITY}\" --options runtime --timestamp \"${RUSTC_DST}/lib/rustlib/aarch64-apple-darwin/bin/gcc-ld/wasm-ld\"\n\ntouch \"$STAMP\"\n";
		};
		AABB000B2F5013850036AAB6 /* Copy Export Template */ = {
			isa = PBXShellScriptBuildPhase;
			buildActionMask = 2147483647;
			files = (
			);
			inputFileListPaths = (
			);
			inputPaths = (
			);
			name = "Copy Export Template";
			outputFileListPaths = (
			);
			outputPaths = (
			);
			runOnlyForDeploymentPostprocessing = 0;
			shellPath = /bin/bash;
			shellScript = "\"${SRCROOT}/scripts/rebuild-and-copy-export-template.sh\"\n";
		};
		AABB000D2F5013850036AAB6 /* Generate Test Serial */ = {
			isa = PBXShellScriptBuildPhase;
			buildActionMask = 2147483647;
			files = (
			);
			inputFileListPaths = (
			);
			inputPaths = (
				"$(SRCROOT)/tools/generate-license/keypair.bin",
			);
			name = "Generate Test Serial";
			outputFileListPaths = (
			);
			outputPaths = (
				"$(SRCROOT)/.test-serial",
			);
			runOnlyForDeploymentPostprocessing = 0;
			shellPath = /bin/bash;
			shellScript = "\"${SRCROOT}/scripts/generate-test-serial.sh\"\n";
		};
		AABB000F2F5013850036AAB6 /* Bust AU Cache */ = {
			isa = PBXShellScriptBuildPhase;
			buildActionMask = 2147483647;
			files = (
			);
			inputFileListPaths = (
			);
			inputPaths = (
				"$(SRCROOT)/scripts/bust-au-cache.sh",
			);
			name = "Bust AU Cache";
			outputFileListPaths = (
			);
			outputPaths = (
			);
			runOnlyForDeploymentPostprocessing = 0;
			shellPath = /bin/bash;
			shellScript = "\"${SRCROOT}/scripts/bust-au-cache.sh\"\n";
		};
		AABB0010000000MONACO0001 /* Copy Monaco Editor */ = {
			isa = PBXShellScriptBuildPhase;
			buildActionMask = 2147483647;
			files = (
			);
			inputFileListPaths = (
			);
			inputPaths = (
				"$(SRCROOT)/ConjureDSPExtension/Resources/monaco/index.html",
			);
			name = "Copy Monaco Editor";
			outputFileListPaths = (
			);
			outputPaths = (
				"$(BUILT_PRODUCTS_DIR)/$(UNLOCALIZED_RESOURCES_FOLDER_PATH)/monaco/index.html",
			);
			runOnlyForDeploymentPostprocessing = 0;
			shellPath = /bin/bash;
			shellScript = "# Copy Monaco Editor resources into the extension bundle\nMONACO_SRC=\"${SRCROOT}/ConjureDSPExtension/Resources/monaco\"\nMONACO_DST=\"${BUILT_PRODUCTS_DIR}/${UNLOCALIZED_RESOURCES_FOLDER_PATH}/monaco\"\n\nif [ ! -d \"${MONACO_SRC}/vs\" ]; then\n    echo \"warning: Monaco Editor not found at ${MONACO_SRC}/vs. Run scripts/setup-monaco.sh first.\" >&2\n    # Still copy index.html and editor-bridge.js so the build doesn't fail\n    mkdir -p \"${MONACO_DST}\"\n    cp -f \"${MONACO_SRC}/index.html\" \"${MONACO_DST}/\" 2>/dev/null || true\n    cp -f \"${MONACO_SRC}/editor-bridge.js\" \"${MONACO_DST}/\" 2>/dev/null || true\n    exit 0\nfi\n\n# Skip if no source file is newer than the last copy\nSTAMP=\"${MONACO_DST}/.copy-stamp\"\nif [ -f \"$STAMP\" ] && [ -z \"$(find -L \"${MONACO_SRC}\" -type f -newer \"$STAMP\" -print -quit 2>/dev/null)\" ]; then\n    echo \"note: Monaco Editor unchanged, skipping copy\" >&2\n    exit 0\nfi\n\nmkdir -p \"${MONACO_DST}\"\nrsync -aL --delete \"${MONACO_SRC}/\" \"${MONACO_DST}/\"\n\ntouch \"$STAMP\"\n";
		};
		AABB00112F5013850036AAB6 /* Pre-Build Clean */ = {
			isa = PBXShellScriptBuildPhase;
			buildActionMask = 2147483647;
			files = (
			);
			inputFileListPaths = (
			);
			inputPaths = (
				"$(SRCROOT)/scripts/pre-build-clean.sh",
			);
			name = "Pre-Build Clean";
			outputFileListPaths = (
			);
			outputPaths = (
			);
			runOnlyForDeploymentPostprocessing = 0;
			shellPath = /bin/bash;
			shellScript = "\"${SRCROOT}/scripts/pre-build-clean.sh\"\n";
		};
		AABB00132F5013850036AAB6 /* Upload dSYMs to Sentry */ = {
			isa = PBXShellScriptBuildPhase;
			buildActionMask = 2147483647;
			files = (
			);
			inputFileListPaths = (
			);
			inputPaths = (
				"$(SRCROOT)/scripts/upload-dsyms.sh",
				"$(SRCROOT)/.sentryclirc",
			);
			name = "Upload dSYMs to Sentry";
			outputFileListPaths = (
			);
			outputPaths = (
			);
			runOnlyForDeploymentPostprocessing = 0;
			shellPath = /bin/bash;
			shellScript = "\"${SRCROOT}/scripts/upload-dsyms.sh\"\n";
		};
		AABB0020000000XTERM0001 /* Copy Terminal (xterm.js) */ = {
			isa = PBXShellScriptBuildPhase;
			buildActionMask = 2147483647;
			files = (
			);
			inputFileListPaths = (
			);
			inputPaths = (
				"$(SRCROOT)/ConjureDSPExtension/Resources/terminal/index.html",
			);
			name = "Copy Terminal (xterm.js)";
			outputFileListPaths = (
			);
			outputPaths = (
				"$(BUILT_PRODUCTS_DIR)/$(UNLOCALIZED_RESOURCES_FOLDER_PATH)/terminal/index.html",
			);
			runOnlyForDeploymentPostprocessing = 0;
			shellPath = /bin/bash;
			shellScript = "# Copy terminal resources into the extension bundle, auto-downloading xterm.js if needed\nTERM_SRC=\"${SRCROOT}/ConjureDSPExtension/Resources/terminal\"\nTERM_DST=\"${BUILT_PRODUCTS_DIR}/${UNLOCALIZED_RESOURCES_FOLDER_PATH}/terminal\"\n\n# Auto-download xterm.js if missing\nif [ ! -f \"${TERM_SRC}/xterm.js\" ]; then\n    echo \"note: xterm.js not found, downloading...\" >&2\n    \"${SRCROOT}/scripts/setup-xterm.sh\" || {\n        echo \"warning: Failed to download xterm.js. Terminal will not work.\" >&2\n        # Still copy checked-in files so build doesn't fail\n        mkdir -p \"${TERM_DST}\"\n        cp -f \"${TERM_SRC}/index.html\" \"${TERM_DST}/\" 2>/dev/null || true\n        cp -f \"${TERM_SRC}/terminal-bridge.js\" \"${TERM_DST}/\" 2>/dev/null || true\n        exit 0\n    }\nfi\n\n# Skip if no source file is newer than the last copy\nSTAMP=\"${TERM_DST}/.copy-stamp\"\nif [ -f \"$STAMP\" ] && [ -z \"$(find -L \"${TERM_SRC}\" -type f -newer \"$STAMP\" -print -quit 2>/dev/null)\" ]; then\n    echo \"note: Terminal resources unchanged, skipping copy\" >&2\n    exit 0\nfi\n\nmkdir -p \"${TERM_DST}\"\nrsync -aL --delete \"${TERM_SRC}/\" \"${TERM_DST}/\"\n\ntouch \"$STAMP\"\n";
		};
/* End PBXShellScriptBuildPhase section */

/* Begin PBXSourcesBuildPhase section */
		2579113C2F5013840036AAB6 /* Sources */ = {
			isa = PBXSourcesBuildPhase;
			buildActionMask = 2147483647;
			files = (
				AA11000600000001MIXPANEL /* Analytics.swift in Sources */,
				AA22000200000001SHARED /* MCPToolProvider.swift in Sources */,
			);
			runOnlyForDeploymentPostprocessing = 0;
		};
		257911642F5013850036AAB6 /* Sources */ = {
			isa = PBXSourcesBuildPhase;
			buildActionMask = 2147483647;
			files = (
			);
			runOnlyForDeploymentPostprocessing = 0;
		};
		2579116E2F5013850036AAB6 /* Sources */ = {
			isa = PBXSourcesBuildPhase;
			buildActionMask = 2147483647;
			files = (
			);
			runOnlyForDeploymentPostprocessing = 0;
		};
		2579117A2F5013850036AAB6 /* Sources */ = {
			isa = PBXSourcesBuildPhase;
			buildActionMask = 2147483647;
			files = (
				AA22000300000001SHARED /* MCPToolProvider.swift in Sources */,
			);
			runOnlyForDeploymentPostprocessing = 0;
		};
/* End PBXSourcesBuildPhase section */

/* Begin PBXTargetDependency section */
		2579116A2F5013850036AAB6 /* PBXTargetDependency */ = {
			isa = PBXTargetDependency;
			target = 2579113F2F5013840036AAB6 /* ConjureDSP */;
			targetProxy = 257911692F5013850036AAB6 /* PBXContainerItemProxy */;
		};
		257911742F5013850036AAB6 /* PBXTargetDependency */ = {
			isa = PBXTargetDependency;
			target = 2579113F2F5013840036AAB6 /* ConjureDSP */;
			targetProxy = 257911732F5013850036AAB6 /* PBXContainerItemProxy */;
		};
		257911812F5013850036AAB6 /* PBXTargetDependency */ = {
			isa = PBXTargetDependency;
			target = 2579117D2F5013850036AAB6 /* ConjureDSPExtension */;
			targetProxy = 257911802F5013850036AAB6 /* PBXContainerItemProxy */;
		};
/* End PBXTargetDependency section */

/* Begin XCBuildConfiguration section */
		257911AB2F5013850036AAB6 /* Debug */ = {
			isa = XCBuildConfiguration;
			buildSettings = {
				CD_AU_NAME = "Michael Jancsy: ConjureDSPExtension (Debug)";
				CD_AU_SUBTYPE = DBG1;
				CODE_SIGN_ENTITLEMENTS = ConjureDSPExtension/ConjureDSPExtension.entitlements;
				CODE_SIGN_STYLE = Automatic;
				CURRENT_PROJECT_VERSION = 1;
				DEVELOPMENT_TEAM = A4R63LAVLS;
				ENABLE_APP_SANDBOX = YES;
				ENABLE_HARDENED_RUNTIME = YES;
				ENABLE_USER_SCRIPT_SANDBOXING = NO;
				ENABLE_USER_SELECTED_FILES = readonly;
				GENERATE_INFOPLIST_FILE = YES;
				HEADER_SEARCH_PATHS = "$(SRCROOT)/rust/include";
				INFOPLIST_FILE = ConjureDSPExtension/Info.plist;
				INFOPLIST_KEY_CFBundleDisplayName = ConjureDSPExtension;
				INFOPLIST_KEY_NSHumanReadableCopyright = "";
				IPHONEOS_DEPLOYMENT_TARGET = 26.2;
				LD_RUNPATH_SEARCH_PATHS = (
					"$(inherited)",
					"@executable_path/Frameworks",
					"@executable_path/../../Frameworks",
				);
				"LD_RUNPATH_SEARCH_PATHS[sdk=macosx*]" = (
					"$(inherited)",
					"@executable_path/../Frameworks",
					"@executable_path/../../../../Frameworks",
					"@loader_path/../Frameworks",
				);
				LIBRARY_SEARCH_PATHS = (
					"$(BUILT_PRODUCTS_DIR)",
					"$(SRCROOT)/rust/python-dist/lib",
				);
				MACOSX_DEPLOYMENT_TARGET = 26.2;
				MARKETING_VERSION = 1.0;
				OTHER_LDFLAGS = (
					"-lconjure_dsp",
					"-lpython3.14t",
				);
				PRODUCT_BUNDLE_IDENTIFIER = com.MichaelJancsy.ConjureDSP.debug.ConjureDSPExtension;
				PRODUCT_NAME = "$(TARGET_NAME)";
				SDKROOT = auto;
				SKIP_INSTALL = YES;
				STRING_CATALOG_GENERATE_SYMBOLS = YES;
				SUPPORTED_PLATFORMS = "iphoneos iphonesimulator macosx xros xrsimulator";
				SWIFT_APPROACHABLE_CONCURRENCY = YES;
				SWIFT_EMIT_LOC_STRINGS = YES;
				SWIFT_OBJC_BRIDGING_HEADER = "ConjureDSPExtension/Common/ConjureDSPExtension-Bridging-Header.h";
				SWIFT_OBJC_INTEROP_MODE = objc;
				SWIFT_UPCOMING_FEATURE_MEMBER_IMPORT_VISIBILITY = YES;
				SWIFT_VERSION = 5.0;
				TARGETED_DEVICE_FAMILY = "1,2,7";
				XROS_DEPLOYMENT_TARGET = 26.2;
			};
			name = Debug;
		};
		257911AC2F5013850036AAB6 /* Release */ = {
			isa = XCBuildConfiguration;
			buildSettings = {
				CD_AU_NAME = "Michael Jancsy: ConjureDSPExtension";
				CD_AU_SUBTYPE = 0001;
				CODE_SIGN_ENTITLEMENTS = ConjureDSPExtension/ConjureDSPExtension.entitlements;
				CODE_SIGN_STYLE = Automatic;
				CURRENT_PROJECT_VERSION = 1;
				DEVELOPMENT_TEAM = A4R63LAVLS;
				ENABLE_APP_SANDBOX = YES;
				ENABLE_HARDENED_RUNTIME = YES;
				ENABLE_USER_SCRIPT_SANDBOXING = NO;
				ENABLE_USER_SELECTED_FILES = readonly;
				GENERATE_INFOPLIST_FILE = YES;
				HEADER_SEARCH_PATHS = "$(SRCROOT)/rust/include";
				INFOPLIST_FILE = ConjureDSPExtension/Info.plist;
				INFOPLIST_KEY_CFBundleDisplayName = ConjureDSPExtension;
				INFOPLIST_KEY_NSHumanReadableCopyright = "";
				IPHONEOS_DEPLOYMENT_TARGET = 26.2;
				LD_RUNPATH_SEARCH_PATHS = (
					"$(inherited)",
					"@executable_path/Frameworks",
					"@executable_path/../../Frameworks",
				);
				"LD_RUNPATH_SEARCH_PATHS[sdk=macosx*]" = (
					"$(inherited)",
					"@executable_path/../Frameworks",
					"@executable_path/../../../../Frameworks",
					"@loader_path/../Frameworks",
				);
				LIBRARY_SEARCH_PATHS = (
					"$(BUILT_PRODUCTS_DIR)",
					"$(SRCROOT)/rust/python-dist/lib",
				);
				MACOSX_DEPLOYMENT_TARGET = 26.2;
				MARKETING_VERSION = 1.0;
				ONLY_ACTIVE_ARCH = YES;
				OTHER_LDFLAGS = (
					"-lconjure_dsp",
					"-lpython3.14t",
				);
				PRODUCT_BUNDLE_IDENTIFIER = com.MichaelJancsy.ConjureDSP.ConjureDSPExtension;
				PRODUCT_NAME = "$(TARGET_NAME)";
				SDKROOT = auto;
				SKIP_INSTALL = YES;
				STRING_CATALOG_GENERATE_SYMBOLS = YES;
				SUPPORTED_PLATFORMS = "iphoneos iphonesimulator macosx xros xrsimulator";
				SWIFT_APPROACHABLE_CONCURRENCY = YES;
				SWIFT_EMIT_LOC_STRINGS = YES;
				SWIFT_OBJC_BRIDGING_HEADER = "ConjureDSPExtension/Common/ConjureDSPExtension-Bridging-Header.h";
				SWIFT_OBJC_INTEROP_MODE = objc;
				SWIFT_UPCOMING_FEATURE_MEMBER_IMPORT_VISIBILITY = YES;
				SWIFT_VERSION = 5.0;
				TARGETED_DEVICE_FAMILY = "1,2,7";
				XROS_DEPLOYMENT_TARGET = 26.2;
			};
			name = Release;
		};
		257911AE2F5013850036AAB6 /* Debug */ = {
			isa = XCBuildConfiguration;
			buildSettings = {
				ALWAYS_SEARCH_USER_PATHS = NO;
				ASSETCATALOG_COMPILER_GENERATE_SWIFT_ASSET_SYMBOL_EXTENSIONS = YES;
				CLANG_ANALYZER_NONNULL = YES;
				CLANG_ANALYZER_NUMBER_OBJECT_CONVERSION = YES_AGGRESSIVE;
				CLANG_CXX_LANGUAGE_STANDARD = "gnu++20";
				CLANG_ENABLE_MODULES = YES;
				CLANG_ENABLE_OBJC_ARC = YES;
				CLANG_ENABLE_OBJC_WEAK = YES;
				CLANG_WARN_BLOCK_CAPTURE_AUTORELEASING = YES;
				CLANG_WARN_BOOL_CONVERSION = YES;
				CLANG_WARN_COMMA = YES;
				CLANG_WARN_CONSTANT_CONVERSION = YES;
				CLANG_WARN_DEPRECATED_OBJC_IMPLEMENTATIONS = YES;
				CLANG_WARN_DIRECT_OBJC_ISA_USAGE = YES_ERROR;
				CLANG_WARN_DOCUMENTATION_COMMENTS = YES;
				CLANG_WARN_EMPTY_BODY = YES;
				CLANG_WARN_ENUM_CONVERSION = YES;
				CLANG_WARN_INFINITE_RECURSION = YES;
				CLANG_WARN_INT_CONVERSION = YES;
				CLANG_WARN_NON_LITERAL_NULL_CONVERSION = YES;
				CLANG_WARN_OBJC_IMPLICIT_RETAIN_SELF = YES;
				CLANG_WARN_OBJC_LITERAL_CONVERSION = YES;
				CLANG_WARN_OBJC_ROOT_CLASS = YES_ERROR;
				CLANG_WARN_QUOTED_INCLUDE_IN_FRAMEWORK_HEADER = YES;
				CLANG_WARN_RANGE_LOOP_ANALYSIS = YES;
				CLANG_WARN_STRICT_PROTOTYPES = YES;
				CLANG_WARN_SUSPICIOUS_MOVE = YES;
				CLANG_WARN_UNGUARDED_AVAILABILITY = YES_AGGRESSIVE;
				CLANG_WARN_UNREACHABLE_CODE = YES;
				CLANG_WARN__DUPLICATE_METHOD_MATCH = YES;
				COPY_PHASE_STRIP = NO;
				DEBUG_INFORMATION_FORMAT = dwarf;
				DEVELOPMENT_TEAM = A4R63LAVLS;
				ENABLE_STRICT_OBJC_MSGSEND = YES;
				ENABLE_TESTABILITY = YES;
				ENABLE_USER_SCRIPT_SANDBOXING = YES;
				GCC_C_LANGUAGE_STANDARD = gnu17;
				GCC_DYNAMIC_NO_PIC = NO;
				GCC_NO_COMMON_BLOCKS = YES;
				GCC_OPTIMIZATION_LEVEL = 0;
				GCC_PREPROCESSOR_DEFINITIONS = (
					"DEBUG=1",
					"$(inherited)",
				);
				GCC_WARN_64_TO_32_BIT_CONVERSION = YES;
				GCC_WARN_ABOUT_RETURN_TYPE = YES_ERROR;
				GCC_WARN_UNDECLARED_SELECTOR = YES;
				GCC_WARN_UNINITIALIZED_AUTOS = YES_AGGRESSIVE;
				GCC_WARN_UNUSED_FUNCTION = YES;
				GCC_WARN_UNUSED_VARIABLE = YES;
				LOCALIZATION_PREFERS_STRING_CATALOGS = YES;
				MTL_ENABLE_DEBUG_INFO = INCLUDE_SOURCE;
				MTL_FAST_MATH = YES;
				ONLY_ACTIVE_ARCH = YES;
				SWIFT_ACTIVE_COMPILATION_CONDITIONS = "DEBUG $(inherited)";
				SWIFT_OPTIMIZATION_LEVEL = "-Onone";
			};
			name = Debug;
		};
		257911AF2F5013850036AAB6 /* Release */ = {
			isa = XCBuildConfiguration;
			buildSettings = {
				ALWAYS_SEARCH_USER_PATHS = NO;
				ASSETCATALOG_COMPILER_GENERATE_SWIFT_ASSET_SYMBOL_EXTENSIONS = YES;
				CLANG_ANALYZER_NONNULL = YES;
				CLANG_ANALYZER_NUMBER_OBJECT_CONVERSION = YES_AGGRESSIVE;
				CLANG_CXX_LANGUAGE_STANDARD = "gnu++20";
				CLANG_ENABLE_MODULES = YES;
				CLANG_ENABLE_OBJC_ARC = YES;
				CLANG_ENABLE_OBJC_WEAK = YES;
				CLANG_WARN_BLOCK_CAPTURE_AUTORELEASING = YES;
				CLANG_WARN_BOOL_CONVERSION = YES;
				CLANG_WARN_COMMA = YES;
				CLANG_WARN_CONSTANT_CONVERSION = YES;
				CLANG_WARN_DEPRECATED_OBJC_IMPLEMENTATIONS = YES;
				CLANG_WARN_DIRECT_OBJC_ISA_USAGE = YES_ERROR;
				CLANG_WARN_DOCUMENTATION_COMMENTS = YES;
				CLANG_WARN_EMPTY_BODY = YES;
				CLANG_WARN_ENUM_CONVERSION = YES;
				CLANG_WARN_INFINITE_RECURSION = YES;
				CLANG_WARN_INT_CONVERSION = YES;
				CLANG_WARN_NON_LITERAL_NULL_CONVERSION = YES;
				CLANG_WARN_OBJC_IMPLICIT_RETAIN_SELF = YES;
				CLANG_WARN_OBJC_LITERAL_CONVERSION = YES;
				CLANG_WARN_OBJC_ROOT_CLASS = YES_ERROR;
				CLANG_WARN_QUOTED_INCLUDE_IN_FRAMEWORK_HEADER = YES;
				CLANG_WARN_RANGE_LOOP_ANALYSIS = YES;
				CLANG_WARN_STRICT_PROTOTYPES = YES;
				CLANG_WARN_SUSPICIOUS_MOVE = YES;
				CLANG_WARN_UNGUARDED_AVAILABILITY = YES_AGGRESSIVE;
				CLANG_WARN_UNREACHABLE_CODE = YES;
				CLANG_WARN__DUPLICATE_METHOD_MATCH = YES;
				COPY_PHASE_STRIP = NO;
				DEBUG_INFORMATION_FORMAT = "dwarf-with-dsym";
				DEVELOPMENT_TEAM = A4R63LAVLS;
				ENABLE_NS_ASSERTIONS = NO;
				ENABLE_STRICT_OBJC_MSGSEND = YES;
				ENABLE_USER_SCRIPT_SANDBOXING = YES;
				GCC_C_LANGUAGE_STANDARD = gnu17;
				GCC_NO_COMMON_BLOCKS = YES;
				GCC_WARN_64_TO_32_BIT_CONVERSION = YES;
				GCC_WARN_ABOUT_RETURN_TYPE = YES_ERROR;
				GCC_WARN_UNDECLARED_SELECTOR = YES;
				GCC_WARN_UNINITIALIZED_AUTOS = YES_AGGRESSIVE;
				GCC_WARN_UNUSED_FUNCTION = YES;
				GCC_WARN_UNUSED_VARIABLE = YES;
				LOCALIZATION_PREFERS_STRING_CATALOGS = YES;
				MTL_ENABLE_DEBUG_INFO = NO;
				MTL_FAST_MATH = YES;
				SWIFT_COMPILATION_MODE = wholemodule;
			};
			name = Release;
		};
		257911B22F5013850036AAB6 /* Debug */ = {
			isa = XCBuildConfiguration;
			buildSettings = {
				ASSETCATALOG_COMPILER_APPICON_NAME = AppIcon;
				ASSETCATALOG_COMPILER_GLOBAL_ACCENT_COLOR_NAME = AccentColor;
				CODE_SIGN_ENTITLEMENTS = ConjureDSP/ConjureDSP.entitlements;
				CODE_SIGN_STYLE = Automatic;
				CURRENT_PROJECT_VERSION = 1;
				DEVELOPMENT_TEAM = A4R63LAVLS;
				ENABLE_APP_SANDBOX = NO;
				ENABLE_HARDENED_RUNTIME = YES;
				ENABLE_OUTGOING_NETWORK_CONNECTIONS = YES;
				ENABLE_PREVIEWS = YES;
				ENABLE_USER_SELECTED_FILES = readonly;
				GENERATE_INFOPLIST_FILE = YES;
				INFOPLIST_KEY_CFBundleDisplayName = ConjureDSP;
				"INFOPLIST_KEY_UIApplicationSceneManifest_Generation[sdk=iphoneos*]" = YES;
				"INFOPLIST_KEY_UIApplicationSceneManifest_Generation[sdk=iphonesimulator*]" = YES;
				"INFOPLIST_KEY_UIApplicationSupportsIndirectInputEvents[sdk=iphoneos*]" = YES;
				"INFOPLIST_KEY_UIApplicationSupportsIndirectInputEvents[sdk=iphonesimulator*]" = YES;
				"INFOPLIST_KEY_UILaunchScreen_Generation[sdk=iphoneos*]" = YES;
				"INFOPLIST_KEY_UILaunchScreen_Generation[sdk=iphonesimulator*]" = YES;
				"INFOPLIST_KEY_UIStatusBarStyle[sdk=iphoneos*]" = UIStatusBarStyleDefault;
				"INFOPLIST_KEY_UIStatusBarStyle[sdk=iphonesimulator*]" = UIStatusBarStyleDefault;
				INFOPLIST_KEY_UISupportedInterfaceOrientations_iPad = "UIInterfaceOrientationPortrait UIInterfaceOrientationPortraitUpsideDown UIInterfaceOrientationLandscapeLeft UIInterfaceOrientationLandscapeRight";
				INFOPLIST_KEY_UISupportedInterfaceOrientations_iPhone = "UIInterfaceOrientationPortrait UIInterfaceOrientationLandscapeLeft UIInterfaceOrientationLandscapeRight";
				IPHONEOS_DEPLOYMENT_TARGET = 26.2;
				LD_RUNPATH_SEARCH_PATHS = "@executable_path/Frameworks";
				"LD_RUNPATH_SEARCH_PATHS[sdk=macosx*]" = "@executable_path/../Frameworks";
				MACOSX_DEPLOYMENT_TARGET = 26.2;
				MARKETING_VERSION = 1.0;
				OTHER_LDFLAGS = (
					"-framework",
					AudioToolbox,
					"-framework",
					AVFoundation,
				);
				PRODUCT_BUNDLE_IDENTIFIER = com.MichaelJancsy.ConjureDSP.debug;
				PRODUCT_NAME = "$(TARGET_NAME)";
				REGISTER_APP_GROUPS = YES;
				SDKROOT = auto;
				STRING_CATALOG_GENERATE_SYMBOLS = YES;
				SUPPORTED_PLATFORMS = macosx;
				SUPPORTS_MACCATALYST = NO;
				SWIFT_APPROACHABLE_CONCURRENCY = YES;
				SWIFT_DEFAULT_ACTOR_ISOLATION = MainActor;
				SWIFT_EMIT_LOC_STRINGS = YES;
				SWIFT_UPCOMING_FEATURE_MEMBER_IMPORT_VISIBILITY = YES;
				SWIFT_VERSION = 5.0;
				XROS_DEPLOYMENT_TARGET = 26.2;
			};
			name = Debug;
		};
		257911B32F5013850036AAB6 /* Release */ = {
			isa = XCBuildConfiguration;
			buildSettings = {
				ASSETCATALOG_COMPILER_APPICON_NAME = AppIcon;
				ASSETCATALOG_COMPILER_GLOBAL_ACCENT_COLOR_NAME = AccentColor;
				CODE_SIGN_ENTITLEMENTS = ConjureDSP/ConjureDSP.entitlements;
				CODE_SIGN_STYLE = Automatic;
				CURRENT_PROJECT_VERSION = 1;
				DEVELOPMENT_TEAM = A4R63LAVLS;
				ENABLE_APP_SANDBOX = NO;
				ENABLE_HARDENED_RUNTIME = YES;
				ENABLE_OUTGOING_NETWORK_CONNECTIONS = YES;
				ENABLE_PREVIEWS = YES;
				ENABLE_USER_SELECTED_FILES = readonly;
				GENERATE_INFOPLIST_FILE = YES;
				INFOPLIST_KEY_CFBundleDisplayName = ConjureDSP;
				INFOPLIST_KEY_SUFeedURL = "https://example.com/appcast.xml";
				"INFOPLIST_KEY_UIApplicationSceneManifest_Generation[sdk=iphoneos*]" = YES;
				"INFOPLIST_KEY_UIApplicationSceneManifest_Generation[sdk=iphonesimulator*]" = YES;
				"INFOPLIST_KEY_UIApplicationSupportsIndirectInputEvents[sdk=iphoneos*]" = YES;
				"INFOPLIST_KEY_UIApplicationSupportsIndirectInputEvents[sdk=iphonesimulator*]" = YES;
				"INFOPLIST_KEY_UILaunchScreen_Generation[sdk=iphoneos*]" = YES;
				"INFOPLIST_KEY_UILaunchScreen_Generation[sdk=iphonesimulator*]" = YES;
				"INFOPLIST_KEY_UIStatusBarStyle[sdk=iphoneos*]" = UIStatusBarStyleDefault;
				"INFOPLIST_KEY_UIStatusBarStyle[sdk=iphonesimulator*]" = UIStatusBarStyleDefault;
				INFOPLIST_KEY_UISupportedInterfaceOrientations_iPad = "UIInterfaceOrientationPortrait UIInterfaceOrientationPortraitUpsideDown UIInterfaceOrientationLandscapeLeft UIInterfaceOrientationLandscapeRight";
				INFOPLIST_KEY_UISupportedInterfaceOrientations_iPhone = "UIInterfaceOrientationPortrait UIInterfaceOrientationLandscapeLeft UIInterfaceOrientationLandscapeRight";
				IPHONEOS_DEPLOYMENT_TARGET = 26.2;
				LD_RUNPATH_SEARCH_PATHS = "@executable_path/Frameworks";
				"LD_RUNPATH_SEARCH_PATHS[sdk=macosx*]" = "@executable_path/../Frameworks";
				MACOSX_DEPLOYMENT_TARGET = 26.2;
				MARKETING_VERSION = 1.0;
				ONLY_ACTIVE_ARCH = YES;
				OTHER_LDFLAGS = (
					"-framework",
					AudioToolbox,
					"-framework",
					AVFoundation,
				);
				PRODUCT_BUNDLE_IDENTIFIER = com.MichaelJancsy.ConjureDSP;
				PRODUCT_NAME = "$(TARGET_NAME)";
				REGISTER_APP_GROUPS = YES;
				SDKROOT = auto;
				STRING_CATALOG_GENERATE_SYMBOLS = YES;
				SUPPORTED_PLATFORMS = macosx;
				SUPPORTS_MACCATALYST = NO;
				SWIFT_APPROACHABLE_CONCURRENCY = YES;
				SWIFT_DEFAULT_ACTOR_ISOLATION = MainActor;
				SWIFT_EMIT_LOC_STRINGS = YES;
				SWIFT_UPCOMING_FEATURE_MEMBER_IMPORT_VISIBILITY = YES;
				SWIFT_VERSION = 5.0;
				XROS_DEPLOYMENT_TARGET = 26.2;
			};
			name = Release;
		};
		257911B52F5013850036AAB6 /* Debug */ = {
			isa = XCBuildConfiguration;
			buildSettings = {
				BUNDLE_LOADER = "$(TEST_HOST)";
				CODE_SIGN_STYLE = Automatic;
				CURRENT_PROJECT_VERSION = 1;
				DEVELOPMENT_TEAM = A4R63LAVLS;
				GENERATE_INFOPLIST_FILE = YES;
				HEADER_SEARCH_PATHS = "$(SRCROOT)/rust/include";
				IPHONEOS_DEPLOYMENT_TARGET = 26.2;
				"LD_RUNPATH_SEARCH_PATHS[sdk=macosx*]" = (
					"$(inherited)",
					"@loader_path/../../../ConjureDSPExtension.appex/Contents/Frameworks",
				);
				LIBRARY_SEARCH_PATHS = (
					"$(BUILT_PRODUCTS_DIR)",
					"$(SRCROOT)/rust/python-dist/lib",
				);
				MACOSX_DEPLOYMENT_TARGET = 26.2;
				MARKETING_VERSION = 1.0;
				OTHER_LDFLAGS = (
					"-lconjure_dsp",
					"-lpython3.14t",
				);
				PRODUCT_BUNDLE_IDENTIFIER = com.MichaelJancsy.ConjureDSPTests;
				PRODUCT_NAME = "$(TARGET_NAME)";
				SDKROOT = auto;
				STRING_CATALOG_GENERATE_SYMBOLS = NO;
				SUPPORTED_PLATFORMS = "iphoneos iphonesimulator macosx xros xrsimulator";
				SWIFT_APPROACHABLE_CONCURRENCY = YES;
				SWIFT_EMIT_LOC_STRINGS = NO;
				SWIFT_OBJC_BRIDGING_HEADER = "ConjureDSPTests/ConjureDSPTests-Bridging-Header.h";
				SWIFT_UPCOMING_FEATURE_MEMBER_IMPORT_VISIBILITY = YES;
				SWIFT_VERSION = 5.0;
				TARGETED_DEVICE_FAMILY = "1,2,7";
				TEST_HOST = "$(BUILT_PRODUCTS_DIR)/ConjureDSP.app/$(BUNDLE_EXECUTABLE_FOLDER_PATH)/ConjureDSP";
				XROS_DEPLOYMENT_TARGET = 26.2;
			};
			name = Debug;
		};
		257911B62F5013850036AAB6 /* Release */ = {
			isa = XCBuildConfiguration;
			buildSettings = {
				BUNDLE_LOADER = "$(TEST_HOST)";
				CODE_SIGN_STYLE = Automatic;
				CURRENT_PROJECT_VERSION = 1;
				DEVELOPMENT_TEAM = A4R63LAVLS;
				GENERATE_INFOPLIST_FILE = YES;
				HEADER_SEARCH_PATHS = "$(SRCROOT)/rust/include";
				IPHONEOS_DEPLOYMENT_TARGET = 26.2;
				"LD_RUNPATH_SEARCH_PATHS[sdk=macosx*]" = (
					"$(inherited)",
					"@loader_path/../../../ConjureDSPExtension.appex/Contents/Frameworks",
				);
				LIBRARY_SEARCH_PATHS = (
					"$(BUILT_PRODUCTS_DIR)",
					"$(SRCROOT)/rust/python-dist/lib",
				);
				MACOSX_DEPLOYMENT_TARGET = 26.2;
				MARKETING_VERSION = 1.0;
				OTHER_LDFLAGS = (
					"-lconjure_dsp",
					"-lpython3.14t",
				);
				PRODUCT_BUNDLE_IDENTIFIER = com.MichaelJancsy.ConjureDSPTests;
				PRODUCT_NAME = "$(TARGET_NAME)";
				SDKROOT = auto;
				STRING_CATALOG_GENERATE_SYMBOLS = NO;
				SUPPORTED_PLATFORMS = "iphoneos iphonesimulator macosx xros xrsimulator";
				SWIFT_APPROACHABLE_CONCURRENCY = YES;
				SWIFT_EMIT_LOC_STRINGS = NO;
				SWIFT_OBJC_BRIDGING_HEADER = "ConjureDSPTests/ConjureDSPTests-Bridging-Header.h";
				SWIFT_UPCOMING_FEATURE_MEMBER_IMPORT_VISIBILITY = YES;
				SWIFT_VERSION = 5.0;
				TARGETED_DEVICE_FAMILY = "1,2,7";
				TEST_HOST = "$(BUILT_PRODUCTS_DIR)/ConjureDSP.app/$(BUNDLE_EXECUTABLE_FOLDER_PATH)/ConjureDSP";
				XROS_DEPLOYMENT_TARGET = 26.2;
			};
			name = Release;
		};
		257911B82F5013850036AAB6 /* Debug */ = {
			isa = XCBuildConfiguration;
			buildSettings = {
				CODE_SIGN_STYLE = Automatic;
				CURRENT_PROJECT_VERSION = 1;
				DEVELOPMENT_TEAM = A4R63LAVLS;
				GENERATE_INFOPLIST_FILE = YES;
				IPHONEOS_DEPLOYMENT_TARGET = 26.2;
				MACOSX_DEPLOYMENT_TARGET = 26.2;
				MARKETING_VERSION = 1.0;
				PRODUCT_BUNDLE_IDENTIFIER = com.MichaelJancsy.ConjureDSPUITests;
				PRODUCT_NAME = "$(TARGET_NAME)";
				SDKROOT = auto;
				STRING_CATALOG_GENERATE_SYMBOLS = NO;
				SUPPORTED_PLATFORMS = "iphoneos iphonesimulator macosx xros xrsimulator";
				SWIFT_APPROACHABLE_CONCURRENCY = YES;
				SWIFT_EMIT_LOC_STRINGS = NO;
				SWIFT_UPCOMING_FEATURE_MEMBER_IMPORT_VISIBILITY = YES;
				SWIFT_VERSION = 5.0;
				TARGETED_DEVICE_FAMILY = "1,2,7";
				TEST_TARGET_NAME = ConjureDSP;
				XROS_DEPLOYMENT_TARGET = 26.2;
			};
			name = Debug;
		};
		257911B92F5013850036AAB6 /* Release */ = {
			isa = XCBuildConfiguration;
			buildSettings = {
				CODE_SIGN_STYLE = Automatic;
				CURRENT_PROJECT_VERSION = 1;
				DEVELOPMENT_TEAM = A4R63LAVLS;
				GENERATE_INFOPLIST_FILE = YES;
				IPHONEOS_DEPLOYMENT_TARGET = 26.2;
				MACOSX_DEPLOYMENT_TARGET = 26.2;
				MARKETING_VERSION = 1.0;
				PRODUCT_BUNDLE_IDENTIFIER = com.MichaelJancsy.ConjureDSPUITests;
				PRODUCT_NAME = "$(TARGET_NAME)";
				SDKROOT = auto;
				STRING_CATALOG_GENERATE_SYMBOLS = NO;
				SUPPORTED_PLATFORMS = "iphoneos iphonesimulator macosx xros xrsimulator";
				SWIFT_APPROACHABLE_CONCURRENCY = YES;
				SWIFT_EMIT_LOC_STRINGS = NO;
				SWIFT_UPCOMING_FEATURE_MEMBER_IMPORT_VISIBILITY = YES;
				SWIFT_VERSION = 5.0;
				TARGETED_DEVICE_FAMILY = "1,2,7";
				TEST_TARGET_NAME = ConjureDSP;
				XROS_DEPLOYMENT_TARGET = 26.2;
			};
			name = Release;
		};
/* End XCBuildConfiguration section */

/* Begin XCConfigurationList section */
		2579113B2F5013840036AAB6 /* Build configuration list for PBXProject "ConjureDSP" */ = {
			isa = XCConfigurationList;
			buildConfigurations = (
				257911AE2F5013850036AAB6 /* Debug */,
				257911AF2F5013850036AAB6 /* Release */,
			);
			defaultConfigurationIsVisible = 0;
			defaultConfigurationName = Release;
		};
		257911AA2F5013850036AAB6 /* Build configuration list for PBXNativeTarget "ConjureDSPExtension" */ = {
			isa = XCConfigurationList;
			buildConfigurations = (
				257911AB2F5013850036AAB6 /* Debug */,
				257911AC2F5013850036AAB6 /* Release */,
			);
			defaultConfigurationIsVisible = 0;
			defaultConfigurationName = Release;
		};
		257911B12F5013850036AAB6 /* Build configuration list for PBXNativeTarget "ConjureDSP" */ = {
			isa = XCConfigurationList;
			buildConfigurations = (
				257911B22F5013850036AAB6 /* Debug */,
				257911B32F5013850036AAB6 /* Release */,
			);
			defaultConfigurationIsVisible = 0;
			defaultConfigurationName = Release;
		};
		257911B42F5013850036AAB6 /* Build configuration list for PBXNativeTarget "ConjureDSPTests" */ = {
			isa = XCConfigurationList;
			buildConfigurations = (
				257911B52F5013850036AAB6 /* Debug */,
				257911B62F5013850036AAB6 /* Release */,
			);
			defaultConfigurationIsVisible = 0;
			defaultConfigurationName = Release;
		};
		257911B72F5013850036AAB6 /* Build configuration list for PBXNativeTarget "ConjureDSPUITests" */ = {
			isa = XCConfigurationList;
			buildConfigurations = (
				257911B82F5013850036AAB6 /* Debug */,
				257911B92F5013850036AAB6 /* Release */,
			);
			defaultConfigurationIsVisible = 0;
			defaultConfigurationName = Release;
		};
/* End XCConfigurationList section */

/* Begin XCRemoteSwiftPackageReference section */
		AA11000500000001MIXPANEL /* XCRemoteSwiftPackageReference "mixpanel-swift" */ = {
			isa = XCRemoteSwiftPackageReference;
			repositoryURL = "https://github.com/mixpanel/mixpanel-swift";
			requirement = {
				kind = upToNextMajorVersion;
				minimumVersion = 4.3.0;
			};
		};
		AA11000500000001SPARKLE /* XCRemoteSwiftPackageReference "Sparkle" */ = {
			isa = XCRemoteSwiftPackageReference;
			repositoryURL = "https://github.com/sparkle-project/Sparkle";
			requirement = {
				kind = upToNextMajorVersion;
				minimumVersion = 2.0.0;
			};
		};
		AA5E00052F5013850036AAB6 /* XCRemoteSwiftPackageReference "sentry-cocoa" */ = {
			isa = XCRemoteSwiftPackageReference;
			repositoryURL = "https://github.com/getsentry/sentry-cocoa.git";
			requirement = {
				kind = upToNextMajorVersion;
				minimumVersion = 9.0.0;
			};
		};
/* End XCRemoteSwiftPackageReference section */

/* Begin XCSwiftPackageProductDependency section */
		AA11000200000001MIXPANEL /* Mixpanel */ = {
			isa = XCSwiftPackageProductDependency;
			package = AA11000500000001MIXPANEL /* XCRemoteSwiftPackageReference "mixpanel-swift" */;
			productName = Mixpanel;
		};
		AA11000200000001SPARKLE /* Sparkle */ = {
			isa = XCSwiftPackageProductDependency;
			package = AA11000500000001SPARKLE /* XCRemoteSwiftPackageReference "Sparkle" */;
			productName = Sparkle;
		};
		AA11000400000001MIXPANEL /* Mixpanel */ = {
			isa = XCSwiftPackageProductDependency;
			package = AA11000500000001MIXPANEL /* XCRemoteSwiftPackageReference "mixpanel-swift" */;
			productName = Mixpanel;
		};
		AA5E00022F5013850036AAB6 /* Sentry */ = {
			isa = XCSwiftPackageProductDependency;
			package = AA5E00052F5013850036AAB6 /* XCRemoteSwiftPackageReference "sentry-cocoa" */;
			productName = Sentry;
		};
		AA5E00042F5013850036AAB6 /* Sentry */ = {
			isa = XCSwiftPackageProductDependency;
			package = AA5E00052F5013850036AAB6 /* XCRemoteSwiftPackageReference "sentry-cocoa" */;
			productName = Sentry;
		};
/* End XCSwiftPackageProductDependency section */
	};
	rootObject = 257911382F5013840036AAB6 /* Project object */;
}
