<?xml version="1.0" encoding="UTF-8"?>
<Scheme
   LastUpgradeVersion = "1630"
   version = "1.7">
   <BuildAction
      parallelizeBuildables = "YES"
      buildImplicitDependencies = "YES"
      runPostActionsOnFailure = "NO">
      <BuildActionEntries>
         <BuildActionEntry
            buildForTesting = "YES"
            buildForRunning = "YES"
            buildForProfiling = "YES"
            buildForArchiving = "YES"
            buildForAnalyzing = "YES">
            <BuildableReference
               BuildableIdentifier = "primary"
               BlueprintIdentifier = "B238AD3B0F0D25D7E512EDEC"
               BuildableName = "ConjureDSPExportAUTemplate.app"
               BlueprintName = "ConjureDSPExportAUTemplate"
               ReferencedContainer = "container:ConjureDSPExportAUTemplate.xcodeproj">
            </BuildableReference>
         </BuildActionEntry>
         <BuildActionEntry
            buildForTesting = "YES"
            buildForRunning = "YES"
            buildForProfiling = "YES"
            buildForArchiving = "YES"
            buildForAnalyzing = "YES">
            <BuildableReference
               BuildableIdentifier = "primary"
               BlueprintIdentifier = "0B841545947976FA0804117B"
               BuildableName = "ConjureDSPExportAUTemplateExtension.appex"
               BlueprintName = "ConjureDSPExportAUTemplateExtension"
               ReferencedContainer = "container:ConjureDSPExportAUTemplate.xcodeproj">
            </BuildableReference>
         </BuildActionEntry>
         <BuildActionEntry
            buildForTesting = "YES"
            buildForRunning = "NO"
            buildForProfiling = "NO"
            buildForArchiving = "NO"
            buildForAnalyzing = "NO">
            <BuildableReference
               BuildableIdentifier = "primary"
               BlueprintIdentifier = "2B9AA37048FB45CD0F34F4A1"
               BuildableName = "ConjureDSPExportAUTemplateTests.xctest"
               BlueprintName = "ConjureDSPExportAUTemplateTests"
               ReferencedContainer = "container:ConjureDSPExportAUTemplate.xcodeproj">
            </BuildableReference>
         </BuildActionEntry>
      </BuildActionEntries>
   </BuildAction>
   <TestAction
      buildConfiguration = "Debug"
      selectedDebuggerIdentifier = "Xcode.DebuggerFoundation.Debugger.LLDB"
      selectedLauncherIdentifier = "Xcode.DebuggerFoundation.Launcher.LLDB"
      shouldUseLaunchSchemeArgsEnv = "YES"
      onlyGenerateCoverageForSpecifiedTargets = "NO">
      <MacroExpansion>
         <BuildableReference
            BuildableIdentifier = "primary"
            BlueprintIdentifier = "B238AD3B0F0D25D7E512EDEC"
            BuildableName = "ConjureDSPExportAUTemplate.app"
            BlueprintName = "ConjureDSPExportAUTemplate"
            ReferencedContainer = "container:ConjureDSPExportAUTemplate.xcodeproj">
         </BuildableReference>
      </MacroExpansion>
      <Testables>
         <TestableReference
            skipped = "NO"
            parallelizable = "NO">
            <BuildableReference
               BuildableIdentifier = "primary"
               BlueprintIdentifier = "2B9AA37048FB45CD0F34F4A1"
               BuildableName = "ConjureDSPExportAUTemplateTests.xctest"
               BlueprintName = "ConjureDSPExportAUTemplateTests"
               ReferencedContainer = "container:ConjureDSPExportAUTemplate.xcodeproj">
            </BuildableReference>
         </TestableReference>
      </Testables>
      <CommandLineArguments>
      </CommandLineArguments>
   </TestAction>
   <LaunchAction
      buildConfiguration = "Debug"
      selectedDebuggerIdentifier = "Xcode.DebuggerFoundation.Debugger.LLDB"
      selectedLauncherIdentifier = "Xcode.DebuggerFoundation.Launcher.LLDB"
      launchStyle = "0"
      useCustomWorkingDirectory = "NO"
      ignoresPersistentStateOnLaunch = "NO"
      debugDocumentVersioning = "YES"
      debugServiceExtension = "internal"
      allowLocationSimulation = "YES">
      <BuildableProductRunnable
         runnableDebuggingMode = "0">
         <BuildableReference
            BuildableIdentifier = "primary"
            BlueprintIdentifier = "B238AD3B0F0D25D7E512EDEC"
            BuildableName = "ConjureDSPExportAUTemplate.app"
            BlueprintName = "ConjureDSPExportAUTemplate"
            ReferencedContainer = "container:ConjureDSPExportAUTemplate.xcodeproj">
         </BuildableReference>
      </BuildableProductRunnable>
      <CommandLineArguments>
      </CommandLineArguments>
   </LaunchAction>
   <ProfileAction
      buildConfiguration = "Release"
      shouldUseLaunchSchemeArgsEnv = "YES"
      savedToolIdentifier = ""
      useCustomWorkingDirectory = "NO"
      debugDocumentVersioning = "YES">
      <BuildableProductRunnable
         runnableDebuggingMode = "0">
         <BuildableReference
            BuildableIdentifier = "primary"
            BlueprintIdentifier = "B238AD3B0F0D25D7E512EDEC"
            BuildableName = "ConjureDSPExportAUTemplate.app"
            BlueprintName = "ConjureDSPExportAUTemplate"
            ReferencedContainer = "container:ConjureDSPExportAUTemplate.xcodeproj">
         </BuildableReference>
      </BuildableProductRunnable>
   </ProfileAction>
   <AnalyzeAction
      buildConfiguration = "Debug">
   </AnalyzeAction>
   <ArchiveAction
      buildConfiguration = "Release"
      revealArchiveInOrganizer = "YES">
   </ArchiveAction>
</Scheme>
